
Microsoft Visual Studio Solution File, Format Version 12.00
# Visual Studio Version 16
VisualStudioVersion = 16.0.33130.400
MinimumVisualStudioVersion = 10.0.40219.1
Project("{FAE04EC0-301F-11D3-BF4B-00C04F79EFBC}") = "Exercise7", "Exercise7.csproj", "{292AFC0C-DB41-4946-8123-C4568298D054}"
EndProject
Global
	GlobalSection(SolutionConfigurationPlatforms) = preSolution
		Debug|Any CPU = Debug|Any CPU
		Release|Any CPU = Release|Any CPU
	EndGlobalSection
	GlobalSection(ProjectConfigurationPlatforms) = postSolution
		{292AFC0C-DB41-4946-8123-C4568298D054}.Debug|Any CPU.ActiveCfg = Debug|Any CPU
		{292AFC0C-DB41-4946-8123-C4568298D054}.Debug|Any CPU.Build.0 = Debug|Any CPU
		{292AFC0C-DB41-4946-8123-C4568298D054}.Release|Any CPU.ActiveCfg = Release|Any CPU
		{292AFC0C-DB41-4946-8123-C4568298D054}.Release|Any CPU.Build.0 = Release|Any CPU
	EndGlobalSection
	GlobalSection(SolutionProperties) = preSolution
		HideSolutionNode = FALSE
	EndGlobalSection
	GlobalSection(ExtensibilityGlobals) = postSolution
		SolutionGuid = {FB482ACF-2521-4BAD-8DB1-988169E42C9F}
	EndGlobalSection
EndGlobal
